
Microsoft Visual Studio Solution File, Format Version 12.00
# Visual Studio Version 17
VisualStudioVersion = 17.9.34714.143
MinimumVisualStudioVersion = 10.0.40219.1
Project("{FAE04EC0-301F-11D3-BF4B-00C04F79EFBC}") = "AspNetPro.Blog", "AspNetPro.Blog\AspNetPro.Blog.csproj", "{D886D854-6B65-49FD-85F6-67058CE5B992}"
EndProject
Global
	GlobalSection(SolutionConfigurationPlatforms) = preSolution
		Debug|Any CPU = Debug|Any CPU
		Release|Any CPU = Release|Any CPU
	EndGlobalSection
	GlobalSection(ProjectConfigurationPlatforms) = postSolution
		{D886D854-6B65-49FD-85F6-67058CE5B992}.Debug|Any CPU.ActiveCfg = Debug|Any CPU
		{D886D854-6B65-49FD-85F6-67058CE5B992}.Debug|Any CPU.Build.0 = Debug|Any CPU
		{D886D854-6B65-49FD-85F6-67058CE5B992}.Release|Any CPU.ActiveCfg = Release|Any CPU
		{D886D854-6B65-49FD-85F6-67058CE5B992}.Release|Any CPU.Build.0 = Release|Any CPU
	EndGlobalSection
	GlobalSection(SolutionProperties) = preSolution
		HideSolutionNode = FALSE
	EndGlobalSection
	GlobalSection(ExtensibilityGlobals) = postSolution
		SolutionGuid = {BE93A82B-26F2-4780-B15C-398C29C4DF20}
	EndGlobalSection
EndGlobal
